
Microsoft Visual Studio Solution File, Format Version 12.00
# Visual Studio Version 16
VisualStudioVersion = 16.0.30503.244
MinimumVisualStudioVersion = 10.0.40219.1
Project("{FAE04EC0-301F-11D3-BF4B-00C04F79EFBC}") = "Mirror Of a BInary Tree", "Mirror Of a BInary Tree\Mirror Of a BInary Tree.csproj", "{554CBAB0-0BF2-43B6-B728-237132D283DA}"
EndProject
Global
	GlobalSection(SolutionConfigurationPlatforms) = preSolution
		Debug|Any CPU = Debug|Any CPU
		Release|Any CPU = Release|Any CPU
	EndGlobalSection
	GlobalSection(ProjectConfigurationPlatforms) = postSolution
		{554CBAB0-0BF2-43B6-B728-237132D283DA}.Debug|Any CPU.ActiveCfg = Debug|Any CPU
		{554CBAB0-0BF2-43B6-B728-237132D283DA}.Debug|Any CPU.Build.0 = Debug|Any CPU
		{554CBAB0-0BF2-43B6-B728-237132D283DA}.Release|Any CPU.ActiveCfg = Release|Any CPU
		{554CBAB0-0BF2-43B6-B728-237132D283DA}.Release|Any CPU.Build.0 = Release|Any CPU
	EndGlobalSection
	GlobalSection(SolutionProperties) = preSolution
		HideSolutionNode = FALSE
	EndGlobalSection
	GlobalSection(ExtensibilityGlobals) = postSolution
		SolutionGuid = {05C3092F-5CE4-435A-AA09-E45B2791E8AA}
	EndGlobalSection
EndGlobal
